
Microsoft Visual Studio Solution File, Format Version 12.00
# Visual Studio Version 17
VisualStudioVersion = 17.2.32526.322
MinimumVisualStudioVersion = 10.0.40219.1
Project("{FAE04EC0-301F-11D3-BF4B-00C04F79EFBC}") = "UCl", "UCl\UCl.csproj", "{F89A0F51-E2A7-4308-8D8B-15AAFAC89AC4}"
EndProject
Global
	GlobalSection(SolutionConfigurationPlatforms) = preSolution
		Debug|Any CPU = Debug|Any CPU
		Release|Any CPU = Release|Any CPU
	EndGlobalSection
	GlobalSection(ProjectConfigurationPlatforms) = postSolution
		{F89A0F51-E2A7-4308-8D8B-15AAFAC89AC4}.Debug|Any CPU.ActiveCfg = Debug|Any CPU
		{F89A0F51-E2A7-4308-8D8B-15AAFAC89AC4}.Debug|Any CPU.Build.0 = Debug|Any CPU
		{F89A0F51-E2A7-4308-8D8B-15AAFAC89AC4}.Release|Any CPU.ActiveCfg = Release|Any CPU
		{F89A0F51-E2A7-4308-8D8B-15AAFAC89AC4}.Release|Any CPU.Build.0 = Release|Any CPU
	EndGlobalSection
	GlobalSection(SolutionProperties) = preSolution
		HideSolutionNode = FALSE
	EndGlobalSection
	GlobalSection(ExtensibilityGlobals) = postSolution
		SolutionGuid = {63706CC5-1F0E-4432-85B6-1992DE1F8474}
	EndGlobalSection
EndGlobal
